{
  "originHash" : "3d089356a7e54031e92f1fc0d2f4c5dcc7714fdb25606251f537fa922e872749",
  "pins" : [
    {
      "identity" : "csfeedkit",
      "kind" : "remoteSourceControl",
      "location" : "https://github.com/tokizuoh/CSFeedKit",
      "state" : {
        "branch" : "add-pubdate-to-init",
        "revision" : "35024b25f4b8ea76eea5e2b91b3d6885026c4194"
      }
    }
  ],
  "version" : 3
}
