{
  "originHash" : "d422c82b1b49114ef630c638087f847b145742c0dd5905c8ac2eb6ee2cc2543e",
  "pins" : [
    {
      "identity" : "csfeedkit",
      "kind" : "remoteSourceControl",
      "location" : "https://github.com/thecatalinstan/CSFeedKit",
      "state" : {
        "revision" : "273343770028aea2a41f06ea3cec3f741c7b62c9",
        "version" : "1.0.0"
      }
    }
  ],
  "version" : 3
}
